
Microsoft Visual Studio Solution File, Format Version 12.00
# Visual Studio Version 16
VisualStudioVersion = 16.0.31605.320
MinimumVisualStudioVersion = 10.0.40219.1
Project("{FAE04EC0-301F-11D3-BF4B-00C04F79EFBC}") = "EmailApp.Android", "EmailApp.Android\EmailApp.Android.csproj", "{CCDEFD04-594C-48DD-BA7F-BE3D5E7F86DC}"
EndProject
Project("{FAE04EC0-301F-11D3-BF4B-00C04F79EFBC}") = "EmailApp.iOS", "EmailApp.iOS\EmailApp.iOS.csproj", "{4FE35F86-F718-4FCF-A516-90C746F4A695}"
EndProject
Project("{FAE04EC0-301F-11D3-BF4B-00C04F79EFBC}") = "EmailApp", "EmailApp\EmailApp.csproj", "{AFEA5738-2C49-4D43-B737-145CA67777D5}"
EndProject
Global
	GlobalSection(SolutionConfigurationPlatforms) = preSolution
		Debug|Any CPU = Debug|Any CPU
		Debug|iPhone = Debug|iPhone
		Debug|iPhoneSimulator = Debug|iPhoneSimulator
		Release|Any CPU = Release|Any CPU
		Release|iPhone = Release|iPhone
		Release|iPhoneSimulator = Release|iPhoneSimulator
	EndGlobalSection
	GlobalSection(ProjectConfigurationPlatforms) = postSolution
		{CCDEFD04-594C-48DD-BA7F-BE3D5E7F86DC}.Debug|Any CPU.ActiveCfg = Debug|Any CPU
		{CCDEFD04-594C-48DD-BA7F-BE3D5E7F86DC}.Debug|Any CPU.Build.0 = Debug|Any CPU
		{CCDEFD04-594C-48DD-BA7F-BE3D5E7F86DC}.Debug|Any CPU.Deploy.0 = Debug|Any CPU
		{CCDEFD04-594C-48DD-BA7F-BE3D5E7F86DC}.Debug|iPhone.ActiveCfg = Debug|Any CPU
		{CCDEFD04-594C-48DD-BA7F-BE3D5E7F86DC}.Debug|iPhone.Build.0 = Debug|Any CPU
		{CCDEFD04-594C-48DD-BA7F-BE3D5E7F86DC}.Debug|iPhone.Deploy.0 = Debug|Any CPU
		{CCDEFD04-594C-48DD-BA7F-BE3D5E7F86DC}.Debug|iPhoneSimulator.ActiveCfg = Debug|Any CPU
		{CCDEFD04-594C-48DD-BA7F-BE3D5E7F86DC}.Debug|iPhoneSimulator.Build.0 = Debug|Any CPU
		{CCDEFD04-594C-48DD-BA7F-BE3D5E7F86DC}.Debug|iPhoneSimulator.Deploy.0 = Debug|Any CPU
		{CCDEFD04-594C-48DD-BA7F-BE3D5E7F86DC}.Release|Any CPU.ActiveCfg = Release|Any CPU
		{CCDEFD04-594C-48DD-BA7F-BE3D5E7F86DC}.Release|Any CPU.Build.0 = Release|Any CPU
		{CCDEFD04-594C-48DD-BA7F-BE3D5E7F86DC}.Release|Any CPU.Deploy.0 = Release|Any CPU
		{CCDEFD04-594C-48DD-BA7F-BE3D5E7F86DC}.Release|iPhone.ActiveCfg = Release|Any CPU
		{CCDEFD04-594C-48DD-BA7F-BE3D5E7F86DC}.Release|iPhone.Build.0 = Release|Any CPU
		{CCDEFD04-594C-48DD-BA7F-BE3D5E7F86DC}.Release|iPhone.Deploy.0 = Release|Any CPU
		{CCDEFD04-594C-48DD-BA7F-BE3D5E7F86DC}.Release|iPhoneSimulator.ActiveCfg = Release|Any CPU
		{CCDEFD04-594C-48DD-BA7F-BE3D5E7F86DC}.Release|iPhoneSimulator.Build.0 = Release|Any CPU
		{CCDEFD04-594C-48DD-BA7F-BE3D5E7F86DC}.Release|iPhoneSimulator.Deploy.0 = Release|Any CPU
		{4FE35F86-F718-4FCF-A516-90C746F4A695}.Debug|Any CPU.ActiveCfg = Debug|iPhone
		{4FE35F86-F718-4FCF-A516-90C746F4A695}.Debug|Any CPU.Build.0 = Debug|iPhone
		{4FE35F86-F718-4FCF-A516-90C746F4A695}.Debug|Any CPU.Deploy.0 = Debug|iPhone
		{4FE35F86-F718-4FCF-A516-90C746F4A695}.Debug|iPhone.ActiveCfg = Debug|iPhone
		{4FE35F86-F718-4FCF-A516-90C746F4A695}.Debug|iPhone.Build.0 = Debug|iPhone
		{4FE35F86-F718-4FCF-A516-90C746F4A695}.Debug|iPhone.Deploy.0 = Debug|iPhone
		{4FE35F86-F718-4FCF-A516-90C746F4A695}.Debug|iPhoneSimulator.ActiveCfg = Debug|iPhoneSimulator
		{4FE35F86-F718-4FCF-A516-90C746F4A695}.Debug|iPhoneSimulator.Build.0 = Debug|iPhoneSimulator
		{4FE35F86-F718-4FCF-A516-90C746F4A695}.Debug|iPhoneSimulator.Deploy.0 = Debug|iPhoneSimulator
		{4FE35F86-F718-4FCF-A516-90C746F4A695}.Release|Any CPU.ActiveCfg = Release|iPhoneSimulator
		{4FE35F86-F718-4FCF-A516-90C746F4A695}.Release|Any CPU.Build.0 = Release|iPhoneSimulator
		{4FE35F86-F718-4FCF-A516-90C746F4A695}.Release|Any CPU.Deploy.0 = Release|iPhoneSimulator
		{4FE35F86-F718-4FCF-A516-90C746F4A695}.Release|iPhone.ActiveCfg = Release|iPhone
		{4FE35F86-F718-4FCF-A516-90C746F4A695}.Release|iPhone.Build.0 = Release|iPhone
		{4FE35F86-F718-4FCF-A516-90C746F4A695}.Release|iPhone.Deploy.0 = Release|iPhone
		{4FE35F86-F718-4FCF-A516-90C746F4A695}.Release|iPhoneSimulator.ActiveCfg = Release|iPhoneSimulator
		{4FE35F86-F718-4FCF-A516-90C746F4A695}.Release|iPhoneSimulator.Build.0 = Release|iPhoneSimulator
		{4FE35F86-F718-4FCF-A516-90C746F4A695}.Release|iPhoneSimulator.Deploy.0 = Release|iPhoneSimulator
		{AFEA5738-2C49-4D43-B737-145CA67777D5}.Debug|Any CPU.ActiveCfg = Debug|Any CPU
		{AFEA5738-2C49-4D43-B737-145CA67777D5}.Debug|Any CPU.Build.0 = Debug|Any CPU
		{AFEA5738-2C49-4D43-B737-145CA67777D5}.Debug|Any CPU.Deploy.0 = Debug|Any CPU
		{AFEA5738-2C49-4D43-B737-145CA67777D5}.Debug|iPhone.ActiveCfg = Debug|Any CPU
		{AFEA5738-2C49-4D43-B737-145CA67777D5}.Debug|iPhone.Build.0 = Debug|Any CPU
		{AFEA5738-2C49-4D43-B737-145CA67777D5}.Debug|iPhone.Deploy.0 = Debug|Any CPU
		{AFEA5738-2C49-4D43-B737-145CA67777D5}.Debug|iPhoneSimulator.ActiveCfg = Debug|Any CPU
		{AFEA5738-2C49-4D43-B737-145CA67777D5}.Debug|iPhoneSimulator.Build.0 = Debug|Any CPU
		{AFEA5738-2C49-4D43-B737-145CA67777D5}.Debug|iPhoneSimulator.Deploy.0 = Debug|Any CPU
		{AFEA5738-2C49-4D43-B737-145CA67777D5}.Release|Any CPU.ActiveCfg = Release|Any CPU
		{AFEA5738-2C49-4D43-B737-145CA67777D5}.Release|Any CPU.Build.0 = Release|Any CPU
		{AFEA5738-2C49-4D43-B737-145CA67777D5}.Release|Any CPU.Deploy.0 = Release|Any CPU
		{AFEA5738-2C49-4D43-B737-145CA67777D5}.Release|iPhone.ActiveCfg = Release|Any CPU
		{AFEA5738-2C49-4D43-B737-145CA67777D5}.Release|iPhone.Build.0 = Release|Any CPU
		{AFEA5738-2C49-4D43-B737-145CA67777D5}.Release|iPhone.Deploy.0 = Release|Any CPU
		{AFEA5738-2C49-4D43-B737-145CA67777D5}.Release|iPhoneSimulator.ActiveCfg = Release|Any CPU
		{AFEA5738-2C49-4D43-B737-145CA67777D5}.Release|iPhoneSimulator.Build.0 = Release|Any CPU
		{AFEA5738-2C49-4D43-B737-145CA67777D5}.Release|iPhoneSimulator.Deploy.0 = Release|Any CPU
	EndGlobalSection
	GlobalSection(SolutionProperties) = preSolution
		HideSolutionNode = FALSE
	EndGlobalSection
	GlobalSection(ExtensibilityGlobals) = postSolution
		SolutionGuid = {F402BC9F-A361-4FFE-A040-FB3481C9862F}
	EndGlobalSection
EndGlobal
